
Microsoft Visual Studio Solution File, Format Version 12.00
# Visual Studio 15
VisualStudioVersion = 15.0.26430.13
MinimumVisualStudioVersion = 10.0.40219.1
Project("{FAE04EC0-301F-11D3-BF4B-00C04F79EFBC}") = "amulware.Graphics", "libs\awgraphics\src\amulware.Graphics\amulware.Graphics.csproj", "{59BEDA5C-D68A-4011-89BA-C09421D22974}"
EndProject
Project("{FAE04EC0-301F-11D3-BF4B-00C04F79EFBC}") = "Lidgren.Network", "libs\lidgren\Lidgren.Network\Lidgren.Network.csproj", "{49BA1C69-6104-41AC-A5D8-B54FA9F696E8}"
EndProject
Project("{9A19103F-16F7-4668-BE54-9A1E7A4F7556}") = "Bearded.TD.Proto", "src\Bearded.TD.Proto\Bearded.TD.Proto.csproj", "{4862BBB1-839D-4831-9985-D3399C8C2DED}"
EndProject
Project("{9A19103F-16F7-4668-BE54-9A1E7A4F7556}") = "Bearded.TD.MasterServer", "src\Bearded.TD.MasterServer\Bearded.TD.MasterServer.csproj", "{56474285-E3DB-433D-8A04-8CF7DE00AF54}"
EndProject
Project("{9A19103F-16F7-4668-BE54-9A1E7A4F7556}") = "Bearded.TD", "src\Bearded.TD\Bearded.TD.csproj", "{9F5D46C0-7C87-40F3-9983-2193BB49944F}"
	ProjectSection(ProjectDependencies) = postProject
		{D0247253-A9AB-4239-8166-8BEB893C2351} = {D0247253-A9AB-4239-8166-8BEB893C2351}
	EndProjectSection
EndProject
Project("{9A19103F-16F7-4668-BE54-9A1E7A4F7556}") = "Bearded.UI", "src\Bearded.UI\Bearded.UI.csproj", "{34AE60F5-0355-49C6-BBB4-4261D75260F6}"
EndProject
Project("{9A19103F-16F7-4668-BE54-9A1E7A4F7556}") = "Weavers", "src\Weavers\Weavers.csproj", "{D0247253-A9AB-4239-8166-8BEB893C2351}"
EndProject
Project("{9A19103F-16F7-4668-BE54-9A1E7A4F7556}") = "Weavers.Tests", "src\Weavers.Tests\Weavers.Tests.csproj", "{C43468DA-3DB5-43BD-8A5F-D96283D35CF2}"
EndProject
Project("{9A19103F-16F7-4668-BE54-9A1E7A4F7556}") = "Weavers.Tests.AssemblyToProcess", "src\Weavers.Tests.AssemblyToProcess\Weavers.Tests.AssemblyToProcess.csproj", "{4F3AEA6D-0DF0-401F-84B8-A435E4C71D38}"
EndProject
Project("{FAE04EC0-301F-11D3-BF4B-00C04F79EFBC}") = "Bearded.TD.Shared", "src\Bearded.TD.Shared\Bearded.TD.Shared.csproj", "{8B1B362B-7883-489D-AD98-2060FB174B20}"
EndProject
Global
	GlobalSection(SolutionConfigurationPlatforms) = preSolution
		Debug|Any CPU = Debug|Any CPU
		Debug|x86 = Debug|x86
		Release|Any CPU = Release|Any CPU
		Release|x86 = Release|x86
	EndGlobalSection
	GlobalSection(ProjectConfigurationPlatforms) = postSolution
		{59BEDA5C-D68A-4011-89BA-C09421D22974}.Debug|Any CPU.ActiveCfg = Debug|Any CPU
		{59BEDA5C-D68A-4011-89BA-C09421D22974}.Debug|Any CPU.Build.0 = Debug|Any CPU
		{59BEDA5C-D68A-4011-89BA-C09421D22974}.Debug|x86.ActiveCfg = Debug|x86
		{59BEDA5C-D68A-4011-89BA-C09421D22974}.Debug|x86.Build.0 = Debug|x86
		{59BEDA5C-D68A-4011-89BA-C09421D22974}.Release|Any CPU.ActiveCfg = Release|Any CPU
		{59BEDA5C-D68A-4011-89BA-C09421D22974}.Release|Any CPU.Build.0 = Release|Any CPU
		{59BEDA5C-D68A-4011-89BA-C09421D22974}.Release|x86.ActiveCfg = Release|x86
		{59BEDA5C-D68A-4011-89BA-C09421D22974}.Release|x86.Build.0 = Release|x86
		{49BA1C69-6104-41AC-A5D8-B54FA9F696E8}.Debug|Any CPU.ActiveCfg = Debug|Any CPU
		{49BA1C69-6104-41AC-A5D8-B54FA9F696E8}.Debug|Any CPU.Build.0 = Debug|Any CPU
		{49BA1C69-6104-41AC-A5D8-B54FA9F696E8}.Debug|x86.ActiveCfg = Debug|Any CPU
		{49BA1C69-6104-41AC-A5D8-B54FA9F696E8}.Debug|x86.Build.0 = Debug|Any CPU
		{49BA1C69-6104-41AC-A5D8-B54FA9F696E8}.Release|Any CPU.ActiveCfg = Release|Any CPU
		{49BA1C69-6104-41AC-A5D8-B54FA9F696E8}.Release|Any CPU.Build.0 = Release|Any CPU
		{49BA1C69-6104-41AC-A5D8-B54FA9F696E8}.Release|x86.ActiveCfg = Release|Any CPU
		{49BA1C69-6104-41AC-A5D8-B54FA9F696E8}.Release|x86.Build.0 = Release|Any CPU
		{4862BBB1-839D-4831-9985-D3399C8C2DED}.Debug|Any CPU.ActiveCfg = Debug|Any CPU
		{4862BBB1-839D-4831-9985-D3399C8C2DED}.Debug|Any CPU.Build.0 = Debug|Any CPU
		{4862BBB1-839D-4831-9985-D3399C8C2DED}.Debug|x86.ActiveCfg = Debug|Any CPU
		{4862BBB1-839D-4831-9985-D3399C8C2DED}.Debug|x86.Build.0 = Debug|Any CPU
		{4862BBB1-839D-4831-9985-D3399C8C2DED}.Release|Any CPU.ActiveCfg = Release|Any CPU
		{4862BBB1-839D-4831-9985-D3399C8C2DED}.Release|Any CPU.Build.0 = Release|Any CPU
		{4862BBB1-839D-4831-9985-D3399C8C2DED}.Release|x86.ActiveCfg = Release|Any CPU
		{4862BBB1-839D-4831-9985-D3399C8C2DED}.Release|x86.Build.0 = Release|Any CPU
		{56474285-E3DB-433D-8A04-8CF7DE00AF54}.Debug|Any CPU.ActiveCfg = Debug|Any CPU
		{56474285-E3DB-433D-8A04-8CF7DE00AF54}.Debug|Any CPU.Build.0 = Debug|Any CPU
		{56474285-E3DB-433D-8A04-8CF7DE00AF54}.Debug|x86.ActiveCfg = Debug|Any CPU
		{56474285-E3DB-433D-8A04-8CF7DE00AF54}.Debug|x86.Build.0 = Debug|Any CPU
		{56474285-E3DB-433D-8A04-8CF7DE00AF54}.Release|Any CPU.ActiveCfg = Release|Any CPU
		{56474285-E3DB-433D-8A04-8CF7DE00AF54}.Release|Any CPU.Build.0 = Release|Any CPU
		{56474285-E3DB-433D-8A04-8CF7DE00AF54}.Release|x86.ActiveCfg = Release|Any CPU
		{56474285-E3DB-433D-8A04-8CF7DE00AF54}.Release|x86.Build.0 = Release|Any CPU
		{9F5D46C0-7C87-40F3-9983-2193BB49944F}.Debug|Any CPU.ActiveCfg = Debug|Any CPU
		{9F5D46C0-7C87-40F3-9983-2193BB49944F}.Debug|Any CPU.Build.0 = Debug|Any CPU
		{9F5D46C0-7C87-40F3-9983-2193BB49944F}.Debug|x86.ActiveCfg = Debug|Any CPU
		{9F5D46C0-7C87-40F3-9983-2193BB49944F}.Debug|x86.Build.0 = Debug|Any CPU
		{9F5D46C0-7C87-40F3-9983-2193BB49944F}.Release|Any CPU.ActiveCfg = Release|Any CPU
		{9F5D46C0-7C87-40F3-9983-2193BB49944F}.Release|Any CPU.Build.0 = Release|Any CPU
		{9F5D46C0-7C87-40F3-9983-2193BB49944F}.Release|x86.ActiveCfg = Release|Any CPU
		{9F5D46C0-7C87-40F3-9983-2193BB49944F}.Release|x86.Build.0 = Release|Any CPU
		{34AE60F5-0355-49C6-BBB4-4261D75260F6}.Debug|Any CPU.ActiveCfg = Debug|Any CPU
		{34AE60F5-0355-49C6-BBB4-4261D75260F6}.Debug|Any CPU.Build.0 = Debug|Any CPU
		{34AE60F5-0355-49C6-BBB4-4261D75260F6}.Debug|x86.ActiveCfg = Debug|Any CPU
		{34AE60F5-0355-49C6-BBB4-4261D75260F6}.Debug|x86.Build.0 = Debug|Any CPU
		{34AE60F5-0355-49C6-BBB4-4261D75260F6}.Release|Any CPU.ActiveCfg = Release|Any CPU
		{34AE60F5-0355-49C6-BBB4-4261D75260F6}.Release|Any CPU.Build.0 = Release|Any CPU
		{34AE60F5-0355-49C6-BBB4-4261D75260F6}.Release|x86.ActiveCfg = Release|Any CPU
		{34AE60F5-0355-49C6-BBB4-4261D75260F6}.Release|x86.Build.0 = Release|Any CPU
		{D0247253-A9AB-4239-8166-8BEB893C2351}.Debug|Any CPU.ActiveCfg = Debug|Any CPU
		{D0247253-A9AB-4239-8166-8BEB893C2351}.Debug|Any CPU.Build.0 = Debug|Any CPU
		{D0247253-A9AB-4239-8166-8BEB893C2351}.Debug|x86.ActiveCfg = Debug|Any CPU
		{D0247253-A9AB-4239-8166-8BEB893C2351}.Debug|x86.Build.0 = Debug|Any CPU
		{D0247253-A9AB-4239-8166-8BEB893C2351}.Release|Any CPU.ActiveCfg = Release|Any CPU
		{D0247253-A9AB-4239-8166-8BEB893C2351}.Release|Any CPU.Build.0 = Release|Any CPU
		{D0247253-A9AB-4239-8166-8BEB893C2351}.Release|x86.ActiveCfg = Release|Any CPU
		{D0247253-A9AB-4239-8166-8BEB893C2351}.Release|x86.Build.0 = Release|Any CPU
		{C43468DA-3DB5-43BD-8A5F-D96283D35CF2}.Debug|Any CPU.ActiveCfg = Debug|Any CPU
		{C43468DA-3DB5-43BD-8A5F-D96283D35CF2}.Debug|Any CPU.Build.0 = Debug|Any CPU
		{C43468DA-3DB5-43BD-8A5F-D96283D35CF2}.Debug|x86.ActiveCfg = Debug|Any CPU
		{C43468DA-3DB5-43BD-8A5F-D96283D35CF2}.Debug|x86.Build.0 = Debug|Any CPU
		{C43468DA-3DB5-43BD-8A5F-D96283D35CF2}.Release|Any CPU.ActiveCfg = Release|Any CPU
		{C43468DA-3DB5-43BD-8A5F-D96283D35CF2}.Release|Any CPU.Build.0 = Release|Any CPU
		{C43468DA-3DB5-43BD-8A5F-D96283D35CF2}.Release|x86.ActiveCfg = Release|Any CPU
		{C43468DA-3DB5-43BD-8A5F-D96283D35CF2}.Release|x86.Build.0 = Release|Any CPU
		{4F3AEA6D-0DF0-401F-84B8-A435E4C71D38}.Debug|Any CPU.ActiveCfg = Debug|Any CPU
		{4F3AEA6D-0DF0-401F-84B8-A435E4C71D38}.Debug|Any CPU.Build.0 = Debug|Any CPU
		{4F3AEA6D-0DF0-401F-84B8-A435E4C71D38}.Debug|x86.ActiveCfg = Debug|Any CPU
		{4F3AEA6D-0DF0-401F-84B8-A435E4C71D38}.Debug|x86.Build.0 = Debug|Any CPU
		{4F3AEA6D-0DF0-401F-84B8-A435E4C71D38}.Release|Any CPU.ActiveCfg = Release|Any CPU
		{4F3AEA6D-0DF0-401F-84B8-A435E4C71D38}.Release|Any CPU.Build.0 = Release|Any CPU
		{4F3AEA6D-0DF0-401F-84B8-A435E4C71D38}.Release|x86.ActiveCfg = Release|Any CPU
		{4F3AEA6D-0DF0-401F-84B8-A435E4C71D38}.Release|x86.Build.0 = Release|Any CPU
		{8B1B362B-7883-489D-AD98-2060FB174B20}.Debug|Any CPU.ActiveCfg = Debug|Any CPU
		{8B1B362B-7883-489D-AD98-2060FB174B20}.Debug|Any CPU.Build.0 = Debug|Any CPU
		{8B1B362B-7883-489D-AD98-2060FB174B20}.Debug|x86.ActiveCfg = Debug|Any CPU
		{8B1B362B-7883-489D-AD98-2060FB174B20}.Debug|x86.Build.0 = Debug|Any CPU
		{8B1B362B-7883-489D-AD98-2060FB174B20}.Release|Any CPU.ActiveCfg = Release|Any CPU
		{8B1B362B-7883-489D-AD98-2060FB174B20}.Release|Any CPU.Build.0 = Release|Any CPU
		{8B1B362B-7883-489D-AD98-2060FB174B20}.Release|x86.ActiveCfg = Release|Any CPU
		{8B1B362B-7883-489D-AD98-2060FB174B20}.Release|x86.Build.0 = Release|Any CPU
	EndGlobalSection
	GlobalSection(SolutionProperties) = preSolution
		HideSolutionNode = FALSE
	EndGlobalSection
	GlobalSection(ExtensibilityGlobals) = postSolution
		SolutionGuid = {9ED714D2-984C-492D-B3FE-BADA0F59F25F}
	EndGlobalSection
EndGlobal
