
Microsoft Visual Studio Solution File, Format Version 12.00
# Visual Studio 15
VisualStudioVersion = 15.0.26430.13
MinimumVisualStudioVersion = 10.0.40219.1
Project("{FAE04EC0-301F-11D3-BF4B-00C04F79EFBC}") = "Bearded.Graphics", "libs\awgraphics\Bearded.Graphics\Bearded.Graphics.csproj", "{59BEDA5C-D68A-4011-89BA-C09421D22974}"
EndProject
Project("{9A19103F-16F7-4668-BE54-9A1E7A4F7556}") = "Bearded.TD.Proto", "src\Bearded.TD.Proto\Bearded.TD.Proto.csproj", "{4862BBB1-839D-4831-9985-D3399C8C2DED}"
EndProject
Project("{9A19103F-16F7-4668-BE54-9A1E7A4F7556}") = "Bearded.TD.MasterServer", "src\Bearded.TD.MasterServer\Bearded.TD.MasterServer.csproj", "{56474285-E3DB-433D-8A04-8CF7DE00AF54}"
EndProject
Project("{9A19103F-16F7-4668-BE54-9A1E7A4F7556}") = "Bearded.TD", "src\Bearded.TD\Bearded.TD.csproj", "{9F5D46C0-7C87-40F3-9983-2193BB49944F}"
EndProject
Project("{9A19103F-16F7-4668-BE54-9A1E7A4F7556}") = "Bearded.TD.Shared", "src\Bearded.TD.Shared\Bearded.TD.Shared.csproj", "{8B1B362B-7883-489D-AD98-2060FB174B20}"
EndProject
Project("{FAE04EC0-301F-11D3-BF4B-00C04F79EFBC}") = "Bearded.TD.Tests", "src\Bearded.TD.Tests\Bearded.TD.Tests.csproj", "{23779184-C19F-45BC-BC0D-DBF0CEFFDF70}"
EndProject
Project("{FAE04EC0-301F-11D3-BF4B-00C04F79EFBC}") = "Lidgren.Network.MultiTarget", "libs\lidgren\Lidgren.Network.MultiTarget\Lidgren.Network.MultiTarget.csproj", "{EC4CC942-9665-4713-BB93-22343A4A5167}"
EndProject
Project("{FAE04EC0-301F-11D3-BF4B-00C04F79EFBC}") = "Bearded.TD.Generators", "src\Bearded.TD.Generators\Bearded.TD.Generators.csproj", "{3748D74F-E0F9-42E9-8D85-076059761BC3}"
EndProject
Global
	GlobalSection(SolutionConfigurationPlatforms) = preSolution
		Debug|Any CPU = Debug|Any CPU
		Debug|x86 = Debug|x86
		Release|Any CPU = Release|Any CPU
		Release|x86 = Release|x86
	EndGlobalSection
	GlobalSection(ProjectConfigurationPlatforms) = postSolution
		{59BEDA5C-D68A-4011-89BA-C09421D22974}.Debug|Any CPU.ActiveCfg = Debug|Any CPU
		{59BEDA5C-D68A-4011-89BA-C09421D22974}.Debug|Any CPU.Build.0 = Debug|Any CPU
		{59BEDA5C-D68A-4011-89BA-C09421D22974}.Release|Any CPU.ActiveCfg = Release|Any CPU
		{59BEDA5C-D68A-4011-89BA-C09421D22974}.Release|Any CPU.Build.0 = Release|Any CPU
		{4862BBB1-839D-4831-9985-D3399C8C2DED}.Debug|Any CPU.ActiveCfg = Debug|Any CPU
		{4862BBB1-839D-4831-9985-D3399C8C2DED}.Debug|Any CPU.Build.0 = Debug|Any CPU
		{4862BBB1-839D-4831-9985-D3399C8C2DED}.Debug|x86.ActiveCfg = Debug|Any CPU
		{4862BBB1-839D-4831-9985-D3399C8C2DED}.Debug|x86.Build.0 = Debug|Any CPU
		{4862BBB1-839D-4831-9985-D3399C8C2DED}.Release|Any CPU.ActiveCfg = Release|Any CPU
		{4862BBB1-839D-4831-9985-D3399C8C2DED}.Release|Any CPU.Build.0 = Release|Any CPU
		{4862BBB1-839D-4831-9985-D3399C8C2DED}.Release|x86.ActiveCfg = Release|Any CPU
		{4862BBB1-839D-4831-9985-D3399C8C2DED}.Release|x86.Build.0 = Release|Any CPU
		{56474285-E3DB-433D-8A04-8CF7DE00AF54}.Debug|Any CPU.ActiveCfg = Debug|Any CPU
		{56474285-E3DB-433D-8A04-8CF7DE00AF54}.Debug|Any CPU.Build.0 = Debug|Any CPU
		{56474285-E3DB-433D-8A04-8CF7DE00AF54}.Debug|x86.ActiveCfg = Debug|Any CPU
		{56474285-E3DB-433D-8A04-8CF7DE00AF54}.Debug|x86.Build.0 = Debug|Any CPU
		{56474285-E3DB-433D-8A04-8CF7DE00AF54}.Release|Any CPU.ActiveCfg = Release|Any CPU
		{56474285-E3DB-433D-8A04-8CF7DE00AF54}.Release|Any CPU.Build.0 = Release|Any CPU
		{56474285-E3DB-433D-8A04-8CF7DE00AF54}.Release|x86.ActiveCfg = Release|Any CPU
		{56474285-E3DB-433D-8A04-8CF7DE00AF54}.Release|x86.Build.0 = Release|Any CPU
		{9F5D46C0-7C87-40F3-9983-2193BB49944F}.Debug|Any CPU.ActiveCfg = Debug|Any CPU
		{9F5D46C0-7C87-40F3-9983-2193BB49944F}.Debug|Any CPU.Build.0 = Debug|Any CPU
		{9F5D46C0-7C87-40F3-9983-2193BB49944F}.Debug|x86.ActiveCfg = Debug|Any CPU
		{9F5D46C0-7C87-40F3-9983-2193BB49944F}.Debug|x86.Build.0 = Debug|Any CPU
		{9F5D46C0-7C87-40F3-9983-2193BB49944F}.Release|Any CPU.ActiveCfg = Release|Any CPU
		{9F5D46C0-7C87-40F3-9983-2193BB49944F}.Release|Any CPU.Build.0 = Release|Any CPU
		{9F5D46C0-7C87-40F3-9983-2193BB49944F}.Release|x86.ActiveCfg = Release|Any CPU
		{9F5D46C0-7C87-40F3-9983-2193BB49944F}.Release|x86.Build.0 = Release|Any CPU
		{8B1B362B-7883-489D-AD98-2060FB174B20}.Debug|Any CPU.ActiveCfg = Debug|Any CPU
		{8B1B362B-7883-489D-AD98-2060FB174B20}.Debug|Any CPU.Build.0 = Debug|Any CPU
		{8B1B362B-7883-489D-AD98-2060FB174B20}.Debug|x86.ActiveCfg = Debug|Any CPU
		{8B1B362B-7883-489D-AD98-2060FB174B20}.Debug|x86.Build.0 = Debug|Any CPU
		{8B1B362B-7883-489D-AD98-2060FB174B20}.Release|Any CPU.ActiveCfg = Release|Any CPU
		{8B1B362B-7883-489D-AD98-2060FB174B20}.Release|Any CPU.Build.0 = Release|Any CPU
		{8B1B362B-7883-489D-AD98-2060FB174B20}.Release|x86.ActiveCfg = Release|Any CPU
		{8B1B362B-7883-489D-AD98-2060FB174B20}.Release|x86.Build.0 = Release|Any CPU
		{23779184-C19F-45BC-BC0D-DBF0CEFFDF70}.Debug|Any CPU.ActiveCfg = Debug|Any CPU
		{23779184-C19F-45BC-BC0D-DBF0CEFFDF70}.Debug|Any CPU.Build.0 = Debug|Any CPU
		{23779184-C19F-45BC-BC0D-DBF0CEFFDF70}.Debug|x86.ActiveCfg = Debug|Any CPU
		{23779184-C19F-45BC-BC0D-DBF0CEFFDF70}.Debug|x86.Build.0 = Debug|Any CPU
		{23779184-C19F-45BC-BC0D-DBF0CEFFDF70}.Release|Any CPU.ActiveCfg = Release|Any CPU
		{23779184-C19F-45BC-BC0D-DBF0CEFFDF70}.Release|Any CPU.Build.0 = Release|Any CPU
		{23779184-C19F-45BC-BC0D-DBF0CEFFDF70}.Release|x86.ActiveCfg = Release|Any CPU
		{23779184-C19F-45BC-BC0D-DBF0CEFFDF70}.Release|x86.Build.0 = Release|Any CPU
		{EC4CC942-9665-4713-BB93-22343A4A5167}.Debug|Any CPU.ActiveCfg = Debug|Any CPU
		{EC4CC942-9665-4713-BB93-22343A4A5167}.Debug|Any CPU.Build.0 = Debug|Any CPU
		{EC4CC942-9665-4713-BB93-22343A4A5167}.Debug|x86.ActiveCfg = Debug|Any CPU
		{EC4CC942-9665-4713-BB93-22343A4A5167}.Debug|x86.Build.0 = Debug|Any CPU
		{EC4CC942-9665-4713-BB93-22343A4A5167}.Release|Any CPU.ActiveCfg = Release|Any CPU
		{EC4CC942-9665-4713-BB93-22343A4A5167}.Release|Any CPU.Build.0 = Release|Any CPU
		{EC4CC942-9665-4713-BB93-22343A4A5167}.Release|x86.ActiveCfg = Release|Any CPU
		{EC4CC942-9665-4713-BB93-22343A4A5167}.Release|x86.Build.0 = Release|Any CPU
		{3748D74F-E0F9-42E9-8D85-076059761BC3}.Debug|Any CPU.ActiveCfg = Debug|Any CPU
		{3748D74F-E0F9-42E9-8D85-076059761BC3}.Debug|Any CPU.Build.0 = Debug|Any CPU
		{3748D74F-E0F9-42E9-8D85-076059761BC3}.Debug|x86.ActiveCfg = Debug|Any CPU
		{3748D74F-E0F9-42E9-8D85-076059761BC3}.Debug|x86.Build.0 = Debug|Any CPU
		{3748D74F-E0F9-42E9-8D85-076059761BC3}.Release|Any CPU.ActiveCfg = Release|Any CPU
		{3748D74F-E0F9-42E9-8D85-076059761BC3}.Release|Any CPU.Build.0 = Release|Any CPU
		{3748D74F-E0F9-42E9-8D85-076059761BC3}.Release|x86.ActiveCfg = Release|Any CPU
		{3748D74F-E0F9-42E9-8D85-076059761BC3}.Release|x86.Build.0 = Release|Any CPU
	EndGlobalSection
	GlobalSection(SolutionProperties) = preSolution
		HideSolutionNode = FALSE
	EndGlobalSection
	GlobalSection(ExtensibilityGlobals) = postSolution
		SolutionGuid = {9ED714D2-984C-492D-B3FE-BADA0F59F25F}
	EndGlobalSection
EndGlobal
