
Microsoft Visual Studio Solution File, Format Version 12.00
# Visual Studio 15
VisualStudioVersion = 15.0.26430.13
MinimumVisualStudioVersion = 10.0.40219.1
Project("{FAE04EC0-301F-11D3-BF4B-00C04F79EFBC}") = "amulware.Graphics", "libs\awgraphics\src\amulware.Graphics\amulware.Graphics.csproj", "{59BEDA5C-D68A-4011-89BA-C09421D22974}"
EndProject
Project("{FAE04EC0-301F-11D3-BF4B-00C04F79EFBC}") = "Lidgren.Network", "libs\lidgren\Lidgren.Network\Lidgren.Network.csproj", "{49BA1C69-6104-41AC-A5D8-B54FA9F696E8}"
EndProject
Project("{FAE04EC0-301F-11D3-BF4B-00C04F79EFBC}") = "Bearded.TD.Proto", "src\Bearded.TD.Proto\Bearded.TD.Proto.csproj", "{4862BBB1-839D-4831-9985-D3399C8C2DED}"
EndProject
Project("{FAE04EC0-301F-11D3-BF4B-00C04F79EFBC}") = "Bearded.TD.MasterServer", "src\Bearded.TD.MasterServer\Bearded.TD.MasterServer.csproj", "{56474285-E3DB-433D-8A04-8CF7DE00AF54}"
EndProject
Project("{9344BDBB-3E7F-41FC-A0DD-8665D75EE146}") = "Bearded.TD", "src\Bearded.TD\Bearded.TD.csproj", "{9F5D46C0-7C87-40F3-9983-2193BB49944F}"
EndProject
Global
	GlobalSection(SolutionConfigurationPlatforms) = preSolution
		Debug|Any CPU = Debug|Any CPU
		Debug|x86 = Debug|x86
		Release|Any CPU = Release|Any CPU
		Release|x86 = Release|x86
	EndGlobalSection
	GlobalSection(ProjectConfigurationPlatforms) = postSolution
		{59BEDA5C-D68A-4011-89BA-C09421D22974}.Debug|Any CPU.ActiveCfg = Debug|Any CPU
		{59BEDA5C-D68A-4011-89BA-C09421D22974}.Debug|Any CPU.Build.0 = Debug|Any CPU
		{59BEDA5C-D68A-4011-89BA-C09421D22974}.Debug|x86.ActiveCfg = Debug|x86
		{59BEDA5C-D68A-4011-89BA-C09421D22974}.Debug|x86.Build.0 = Debug|x86
		{59BEDA5C-D68A-4011-89BA-C09421D22974}.Release|Any CPU.ActiveCfg = Release|Any CPU
		{59BEDA5C-D68A-4011-89BA-C09421D22974}.Release|Any CPU.Build.0 = Release|Any CPU
		{59BEDA5C-D68A-4011-89BA-C09421D22974}.Release|x86.ActiveCfg = Release|x86
		{59BEDA5C-D68A-4011-89BA-C09421D22974}.Release|x86.Build.0 = Release|x86
		{49BA1C69-6104-41AC-A5D8-B54FA9F696E8}.Debug|Any CPU.ActiveCfg = Debug|Any CPU
		{49BA1C69-6104-41AC-A5D8-B54FA9F696E8}.Debug|Any CPU.Build.0 = Debug|Any CPU
		{49BA1C69-6104-41AC-A5D8-B54FA9F696E8}.Debug|x86.ActiveCfg = Debug|Any CPU
		{49BA1C69-6104-41AC-A5D8-B54FA9F696E8}.Debug|x86.Build.0 = Debug|Any CPU
		{49BA1C69-6104-41AC-A5D8-B54FA9F696E8}.Release|Any CPU.ActiveCfg = Release|Any CPU
		{49BA1C69-6104-41AC-A5D8-B54FA9F696E8}.Release|Any CPU.Build.0 = Release|Any CPU
		{49BA1C69-6104-41AC-A5D8-B54FA9F696E8}.Release|x86.ActiveCfg = Release|Any CPU
		{49BA1C69-6104-41AC-A5D8-B54FA9F696E8}.Release|x86.Build.0 = Release|Any CPU
		{4862BBB1-839D-4831-9985-D3399C8C2DED}.Debug|Any CPU.ActiveCfg = Debug|Any CPU
		{4862BBB1-839D-4831-9985-D3399C8C2DED}.Debug|Any CPU.Build.0 = Debug|Any CPU
		{4862BBB1-839D-4831-9985-D3399C8C2DED}.Debug|x86.ActiveCfg = Debug|Any CPU
		{4862BBB1-839D-4831-9985-D3399C8C2DED}.Debug|x86.Build.0 = Debug|Any CPU
		{4862BBB1-839D-4831-9985-D3399C8C2DED}.Release|Any CPU.ActiveCfg = Release|Any CPU
		{4862BBB1-839D-4831-9985-D3399C8C2DED}.Release|Any CPU.Build.0 = Release|Any CPU
		{4862BBB1-839D-4831-9985-D3399C8C2DED}.Release|x86.ActiveCfg = Release|Any CPU
		{4862BBB1-839D-4831-9985-D3399C8C2DED}.Release|x86.Build.0 = Release|Any CPU
		{56474285-E3DB-433D-8A04-8CF7DE00AF54}.Debug|Any CPU.ActiveCfg = Debug|Any CPU
		{56474285-E3DB-433D-8A04-8CF7DE00AF54}.Debug|Any CPU.Build.0 = Debug|Any CPU
		{56474285-E3DB-433D-8A04-8CF7DE00AF54}.Debug|x86.ActiveCfg = Debug|Any CPU
		{56474285-E3DB-433D-8A04-8CF7DE00AF54}.Debug|x86.Build.0 = Debug|Any CPU
		{56474285-E3DB-433D-8A04-8CF7DE00AF54}.Release|Any CPU.ActiveCfg = Release|Any CPU
		{56474285-E3DB-433D-8A04-8CF7DE00AF54}.Release|Any CPU.Build.0 = Release|Any CPU
		{56474285-E3DB-433D-8A04-8CF7DE00AF54}.Release|x86.ActiveCfg = Release|Any CPU
		{56474285-E3DB-433D-8A04-8CF7DE00AF54}.Release|x86.Build.0 = Release|Any CPU
		{9F5D46C0-7C87-40F3-9983-2193BB49944F}.Debug|Any CPU.ActiveCfg = Debug|Any CPU
		{9F5D46C0-7C87-40F3-9983-2193BB49944F}.Debug|Any CPU.Build.0 = Debug|Any CPU
		{9F5D46C0-7C87-40F3-9983-2193BB49944F}.Debug|x86.ActiveCfg = Debug|Any CPU
		{9F5D46C0-7C87-40F3-9983-2193BB49944F}.Debug|x86.Build.0 = Debug|Any CPU
		{9F5D46C0-7C87-40F3-9983-2193BB49944F}.Release|Any CPU.ActiveCfg = Release|Any CPU
		{9F5D46C0-7C87-40F3-9983-2193BB49944F}.Release|Any CPU.Build.0 = Release|Any CPU
		{9F5D46C0-7C87-40F3-9983-2193BB49944F}.Release|x86.ActiveCfg = Release|Any CPU
		{9F5D46C0-7C87-40F3-9983-2193BB49944F}.Release|x86.Build.0 = Release|Any CPU
	EndGlobalSection
	GlobalSection(SolutionProperties) = preSolution
		HideSolutionNode = FALSE
	EndGlobalSection
EndGlobal
